{
  "object": {
    "pins": [
      {
        "package": "Alamofire",
        "repositoryURL": "https://github.com/Alamofire/Alamofire.git",
        "state": {
          "branch": "xcode13",
          "revision": "b1205a15ce933edb616b8aab29e41746281a0f53",
          "version": null
        }
      }
    ]
  },
  "version": 1
}
